
Microsoft Visual Studio Solution File, Format Version 12.00
# Visual Studio Version 17
VisualStudioVersion = 17.4.33122.133
MinimumVisualStudioVersion = 10.0.40219.1
Project("{9A19103F-16F7-4668-BE54-9A1E7A4F7556}") = "ConsoleGAME", "ConsoleGAME\ConsoleGAME.csproj", "{B26BC4C8-AA7E-4FF5-8DE6-5ADE8181D794}"
EndProject
Project("{9A19103F-16F7-4668-BE54-9A1E7A4F7556}") = "lecture resource", "lecture resorce\lecture resource.csproj", "{2296803F-755F-4383-B9DF-891B685E6875}"
EndProject
Project("{9A19103F-16F7-4668-BE54-9A1E7A4F7556}") = "namespace", "namespace\namespace.csproj", "{5BB25A3C-6CDA-4EDD-BC0A-C9318C691636}"
EndProject
Project("{9A19103F-16F7-4668-BE54-9A1E7A4F7556}") = "프로퍼티", "프로퍼티\프로퍼티.csproj", "{24FE1A3D-CFD7-45C0-B24D-33E8C8D27572}"
EndProject
Project("{9A19103F-16F7-4668-BE54-9A1E7A4F7556}") = "Constructer", "생성자\Constructer.csproj", "{34E83201-0232-4D9C-A403-134461A50AF5}"
EndProject
Project("{9A19103F-16F7-4668-BE54-9A1E7A4F7556}") = "오버라이딩", "오버라이딩\오버라이딩.csproj", "{8F383743-677B-44E7-97FB-4DD0DB49466A}"
EndProject
Project("{9A19103F-16F7-4668-BE54-9A1E7A4F7556}") = "델리게이트", "델리게이트\델리게이트.csproj", "{4FBB21AD-8141-44AD-BA56-6BC3B4D522BF}"
EndProject
Project("{9A19103F-16F7-4668-BE54-9A1E7A4F7556}") = "얕은, 깊은 복사", "얕은, 깊은 복사\얕은, 깊은 복사.csproj", "{59F791CB-14C0-455E-A42C-95C818CD03EF}"
EndProject
Project("{9A19103F-16F7-4668-BE54-9A1E7A4F7556}") = "추상클래스", "추상클래스\추상클래스.csproj", "{7D6074E7-0B6B-4C8D-A9C3-56767ADD121E}"
EndProject
Project("{FAE04EC0-301F-11D3-BF4B-00C04F79EFBC}") = "일반화 프로그램", "일반화 프로그램\일반화 프로그램.csproj", "{9CE26B29-ABC1-4475-9D08-679C11F1CF1A}"
EndProject
Global
	GlobalSection(SolutionConfigurationPlatforms) = preSolution
		Debug|Any CPU = Debug|Any CPU
		Release|Any CPU = Release|Any CPU
	EndGlobalSection
	GlobalSection(ProjectConfigurationPlatforms) = postSolution
		{B26BC4C8-AA7E-4FF5-8DE6-5ADE8181D794}.Debug|Any CPU.ActiveCfg = Debug|Any CPU
		{B26BC4C8-AA7E-4FF5-8DE6-5ADE8181D794}.Debug|Any CPU.Build.0 = Debug|Any CPU
		{B26BC4C8-AA7E-4FF5-8DE6-5ADE8181D794}.Release|Any CPU.ActiveCfg = Release|Any CPU
		{B26BC4C8-AA7E-4FF5-8DE6-5ADE8181D794}.Release|Any CPU.Build.0 = Release|Any CPU
		{2296803F-755F-4383-B9DF-891B685E6875}.Debug|Any CPU.ActiveCfg = Debug|Any CPU
		{2296803F-755F-4383-B9DF-891B685E6875}.Debug|Any CPU.Build.0 = Debug|Any CPU
		{2296803F-755F-4383-B9DF-891B685E6875}.Release|Any CPU.ActiveCfg = Release|Any CPU
		{2296803F-755F-4383-B9DF-891B685E6875}.Release|Any CPU.Build.0 = Release|Any CPU
		{5BB25A3C-6CDA-4EDD-BC0A-C9318C691636}.Debug|Any CPU.ActiveCfg = Debug|Any CPU
		{5BB25A3C-6CDA-4EDD-BC0A-C9318C691636}.Debug|Any CPU.Build.0 = Debug|Any CPU
		{5BB25A3C-6CDA-4EDD-BC0A-C9318C691636}.Release|Any CPU.ActiveCfg = Release|Any CPU
		{5BB25A3C-6CDA-4EDD-BC0A-C9318C691636}.Release|Any CPU.Build.0 = Release|Any CPU
		{24FE1A3D-CFD7-45C0-B24D-33E8C8D27572}.Debug|Any CPU.ActiveCfg = Debug|Any CPU
		{24FE1A3D-CFD7-45C0-B24D-33E8C8D27572}.Debug|Any CPU.Build.0 = Debug|Any CPU
		{24FE1A3D-CFD7-45C0-B24D-33E8C8D27572}.Release|Any CPU.ActiveCfg = Release|Any CPU
		{24FE1A3D-CFD7-45C0-B24D-33E8C8D27572}.Release|Any CPU.Build.0 = Release|Any CPU
		{34E83201-0232-4D9C-A403-134461A50AF5}.Debug|Any CPU.ActiveCfg = Debug|Any CPU
		{34E83201-0232-4D9C-A403-134461A50AF5}.Debug|Any CPU.Build.0 = Debug|Any CPU
		{34E83201-0232-4D9C-A403-134461A50AF5}.Release|Any CPU.ActiveCfg = Release|Any CPU
		{34E83201-0232-4D9C-A403-134461A50AF5}.Release|Any CPU.Build.0 = Release|Any CPU
		{8F383743-677B-44E7-97FB-4DD0DB49466A}.Debug|Any CPU.ActiveCfg = Debug|Any CPU
		{8F383743-677B-44E7-97FB-4DD0DB49466A}.Debug|Any CPU.Build.0 = Debug|Any CPU
		{8F383743-677B-44E7-97FB-4DD0DB49466A}.Release|Any CPU.ActiveCfg = Release|Any CPU
		{8F383743-677B-44E7-97FB-4DD0DB49466A}.Release|Any CPU.Build.0 = Release|Any CPU
		{4FBB21AD-8141-44AD-BA56-6BC3B4D522BF}.Debug|Any CPU.ActiveCfg = Debug|Any CPU
		{4FBB21AD-8141-44AD-BA56-6BC3B4D522BF}.Debug|Any CPU.Build.0 = Debug|Any CPU
		{4FBB21AD-8141-44AD-BA56-6BC3B4D522BF}.Release|Any CPU.ActiveCfg = Release|Any CPU
		{4FBB21AD-8141-44AD-BA56-6BC3B4D522BF}.Release|Any CPU.Build.0 = Release|Any CPU
		{59F791CB-14C0-455E-A42C-95C818CD03EF}.Debug|Any CPU.ActiveCfg = Debug|Any CPU
		{59F791CB-14C0-455E-A42C-95C818CD03EF}.Debug|Any CPU.Build.0 = Debug|Any CPU
		{59F791CB-14C0-455E-A42C-95C818CD03EF}.Release|Any CPU.ActiveCfg = Release|Any CPU
		{59F791CB-14C0-455E-A42C-95C818CD03EF}.Release|Any CPU.Build.0 = Release|Any CPU
		{7D6074E7-0B6B-4C8D-A9C3-56767ADD121E}.Debug|Any CPU.ActiveCfg = Debug|Any CPU
		{7D6074E7-0B6B-4C8D-A9C3-56767ADD121E}.Debug|Any CPU.Build.0 = Debug|Any CPU
		{7D6074E7-0B6B-4C8D-A9C3-56767ADD121E}.Release|Any CPU.ActiveCfg = Release|Any CPU
		{7D6074E7-0B6B-4C8D-A9C3-56767ADD121E}.Release|Any CPU.Build.0 = Release|Any CPU
		{9CE26B29-ABC1-4475-9D08-679C11F1CF1A}.Debug|Any CPU.ActiveCfg = Debug|Any CPU
		{9CE26B29-ABC1-4475-9D08-679C11F1CF1A}.Debug|Any CPU.Build.0 = Debug|Any CPU
		{9CE26B29-ABC1-4475-9D08-679C11F1CF1A}.Release|Any CPU.ActiveCfg = Release|Any CPU
		{9CE26B29-ABC1-4475-9D08-679C11F1CF1A}.Release|Any CPU.Build.0 = Release|Any CPU
	EndGlobalSection
	GlobalSection(SolutionProperties) = preSolution
		HideSolutionNode = FALSE
	EndGlobalSection
	GlobalSection(ExtensibilityGlobals) = postSolution
		SolutionGuid = {8D60874A-4987-41C0-BE74-B4869DC80DF5}
	EndGlobalSection
EndGlobal
